Microsoft Visual Studio Solution File, Format Version 8.00
Project("{8BC9CEB8-8B4A-11D0-8D11-00A0C91BC942}") = "strMemPrac5", "strMemPrac5\strMemPrac5.vcproj", "{D9961DB9-9596-4DC2-97AA-0D09E5525362}"
	ProjectSection(ProjectDependencies) = postProject
	EndProjectSection
EndProject
Global
	GlobalSection(SolutionConfiguration) = preSolution
		Debug = Debug
		Release = Release
	EndGlobalSection
	GlobalSection(ProjectDependencies) = postSolution
	EndGlobalSection
	GlobalSection(ProjectConfiguration) = postSolution
		{D9961DB9-9596-4DC2-97AA-0D09E5525362}.Debug.ActiveCfg = Debug|Win32
		{D9961DB9-9596-4DC2-97AA-0D09E5525362}.Debug.Build.0 = Debug|Win32
		{D9961DB9-9596-4DC2-97AA-0D09E5525362}.Release.ActiveCfg = Release|Win32
		{D9961DB9-9596-4DC2-97AA-0D09E5525362}.Release.Build.0 = Release|Win32
	EndGlobalSection
	GlobalSection(ExtensibilityGlobals) = postSolution
	EndGlobalSection
	GlobalSection(ExtensibilityAddIns) = postSolution
	EndGlobalSection
EndGlobal
