Microsoft Visual Studio Solution File, Format Version 8.00
Project("{8BC9CEB8-8B4A-11D0-8D11-00A0C91BC942}") = "esGdiEngine", "esGdiEngine\esGdiEngine.vcproj", "{834C42DA-4493-435F-B84A-989023628089}"
	ProjectSection(ProjectDependencies) = postProject
	EndProjectSection
EndProject
Global
	GlobalSection(SolutionConfiguration) = preSolution
		Debug = Debug
		Release = Release
	EndGlobalSection
	GlobalSection(ProjectDependencies) = postSolution
	EndGlobalSection
	GlobalSection(ProjectConfiguration) = postSolution
		{834C42DA-4493-435F-B84A-989023628089}.Debug.ActiveCfg = Debug|Win32
		{834C42DA-4493-435F-B84A-989023628089}.Debug.Build.0 = Debug|Win32
		{834C42DA-4493-435F-B84A-989023628089}.Release.ActiveCfg = Release|Win32
		{834C42DA-4493-435F-B84A-989023628089}.Release.Build.0 = Release|Win32
	EndGlobalSection
	GlobalSection(ExtensibilityGlobals) = postSolution
	EndGlobalSection
	GlobalSection(ExtensibilityAddIns) = postSolution
	EndGlobalSection
EndGlobal
