Microsoft Visual Studio Solution File, Format Version 8.00
Project("{8BC9CEB8-8B4A-11D0-8D11-00A0C91BC942}") = "memAndStrPrac823", "memAndStrPrac823\memAndStrPrac823.vcproj", "{5366AF03-0DF9-413D-B3AC-9870C7EC480D}"
	ProjectSection(ProjectDependencies) = postProject
	EndProjectSection
EndProject
Global
	GlobalSection(SolutionConfiguration) = preSolution
		Debug = Debug
		Release = Release
	EndGlobalSection
	GlobalSection(ProjectDependencies) = postSolution
	EndGlobalSection
	GlobalSection(ProjectConfiguration) = postSolution
		{5366AF03-0DF9-413D-B3AC-9870C7EC480D}.Debug.ActiveCfg = Debug|Win32
		{5366AF03-0DF9-413D-B3AC-9870C7EC480D}.Debug.Build.0 = Debug|Win32
		{5366AF03-0DF9-413D-B3AC-9870C7EC480D}.Release.ActiveCfg = Release|Win32
		{5366AF03-0DF9-413D-B3AC-9870C7EC480D}.Release.Build.0 = Release|Win32
	EndGlobalSection
	GlobalSection(ExtensibilityGlobals) = postSolution
	EndGlobalSection
	GlobalSection(ExtensibilityAddIns) = postSolution
	EndGlobalSection
EndGlobal
