Microsoft Visual Studio Solution File, Format Version 8.00
Project("{8BC9CEB8-8B4A-11D0-8D11-00A0C91BC942}") = "testMFc", "testMFc\testMFc.vcproj", "{DB9C9FB3-6324-4707-BBD7-BE9F589ABC71}"
	ProjectSection(ProjectDependencies) = postProject
	EndProjectSection
EndProject
Global
	GlobalSection(SolutionConfiguration) = preSolution
		Debug = Debug
		Release = Release
	EndGlobalSection
	GlobalSection(ProjectDependencies) = postSolution
	EndGlobalSection
	GlobalSection(ProjectConfiguration) = postSolution
		{DB9C9FB3-6324-4707-BBD7-BE9F589ABC71}.Debug.ActiveCfg = Debug|Win32
		{DB9C9FB3-6324-4707-BBD7-BE9F589ABC71}.Debug.Build.0 = Debug|Win32
		{DB9C9FB3-6324-4707-BBD7-BE9F589ABC71}.Release.ActiveCfg = Release|Win32
		{DB9C9FB3-6324-4707-BBD7-BE9F589ABC71}.Release.Build.0 = Release|Win32
	EndGlobalSection
	GlobalSection(ExtensibilityGlobals) = postSolution
	EndGlobalSection
	GlobalSection(ExtensibilityAddIns) = postSolution
	EndGlobalSection
EndGlobal
