Microsoft Visual Studio Solution File, Format Version 8.00
Project("{8BC9CEB8-8B4A-11D0-8D11-00A0C91BC942}") = "linkedlistPrac921", "linkedlistPrac921\linkedlistPrac921.vcproj", "{D6F89E7C-2326-4329-86E3-40F19A7DB871}"
	ProjectSection(ProjectDependencies) = postProject
	EndProjectSection
EndProject
Global
	GlobalSection(SolutionConfiguration) = preSolution
		Debug = Debug
		Release = Release
	EndGlobalSection
	GlobalSection(ProjectDependencies) = postSolution
	EndGlobalSection
	GlobalSection(ProjectConfiguration) = postSolution
		{D6F89E7C-2326-4329-86E3-40F19A7DB871}.Debug.ActiveCfg = Debug|Win32
		{D6F89E7C-2326-4329-86E3-40F19A7DB871}.Debug.Build.0 = Debug|Win32
		{D6F89E7C-2326-4329-86E3-40F19A7DB871}.Release.ActiveCfg = Release|Win32
		{D6F89E7C-2326-4329-86E3-40F19A7DB871}.Release.Build.0 = Release|Win32
	EndGlobalSection
	GlobalSection(ExtensibilityGlobals) = postSolution
	EndGlobalSection
	GlobalSection(ExtensibilityAddIns) = postSolution
	EndGlobalSection
EndGlobal
